
Microsoft Visual Studio Solution File, Format Version 12.00
# Visual Studio Version 17
VisualStudioVersion = 17.9.34701.34
MinimumVisualStudioVersion = 10.0.40219.1
Project("{9A19103F-16F7-4668-BE54-9A1E7A4F7556}") = "Konsele1", "Konsele1\Konsele1.csproj", "{F493DF2B-5A41-4881-9D90-1E31101C9263}"
EndProject
Project("{9A19103F-16F7-4668-BE54-9A1E7A4F7556}") = "WinFormsApp1", "WinFormsApp1\WinFormsApp1.csproj", "{31593690-AFCD-4FBC-982B-A064F50CD668}"
EndProject
Project("{9A19103F-16F7-4668-BE54-9A1E7A4F7556}") = "ClassLibrary1", "ClassLibrary1\ClassLibrary1.csproj", "{7A7C676A-4EA0-4994-9C37-2784B83F2163}"
EndProject
Project("{9A19103F-16F7-4668-BE54-9A1E7A4F7556}") = "RechnerTests", "RechnerTests\RechnerTests.csproj", "{A92C7A5E-7CB8-4266-8551-22433CE86D67}"
EndProject
Project("{9A19103F-16F7-4668-BE54-9A1E7A4F7556}") = "SortierAlgorithmen", "SortierAlgorithmen\SortierAlgorithmen.csproj", "{834DB3BF-8DA4-4C59-BC13-B6FD2F43992E}"
EndProject
Project("{FAE04EC0-301F-11D3-BF4B-00C04F79EFBC}") = "Trees", "Trees\Trees.csproj", "{712766BC-C8DA-42BF-9F55-D063C09E1700}"
EndProject
Global
	GlobalSection(SolutionConfigurationPlatforms) = preSolution
		Debug|Any CPU = Debug|Any CPU
		Release|Any CPU = Release|Any CPU
	EndGlobalSection
	GlobalSection(ProjectConfigurationPlatforms) = postSolution
		{F493DF2B-5A41-4881-9D90-1E31101C9263}.Debug|Any CPU.ActiveCfg = Debug|Any CPU
		{F493DF2B-5A41-4881-9D90-1E31101C9263}.Debug|Any CPU.Build.0 = Debug|Any CPU
		{F493DF2B-5A41-4881-9D90-1E31101C9263}.Release|Any CPU.ActiveCfg = Release|Any CPU
		{F493DF2B-5A41-4881-9D90-1E31101C9263}.Release|Any CPU.Build.0 = Release|Any CPU
		{31593690-AFCD-4FBC-982B-A064F50CD668}.Debug|Any CPU.ActiveCfg = Debug|Any CPU
		{31593690-AFCD-4FBC-982B-A064F50CD668}.Debug|Any CPU.Build.0 = Debug|Any CPU
		{31593690-AFCD-4FBC-982B-A064F50CD668}.Release|Any CPU.ActiveCfg = Release|Any CPU
		{31593690-AFCD-4FBC-982B-A064F50CD668}.Release|Any CPU.Build.0 = Release|Any CPU
		{7A7C676A-4EA0-4994-9C37-2784B83F2163}.Debug|Any CPU.ActiveCfg = Debug|Any CPU
		{7A7C676A-4EA0-4994-9C37-2784B83F2163}.Debug|Any CPU.Build.0 = Debug|Any CPU
		{7A7C676A-4EA0-4994-9C37-2784B83F2163}.Release|Any CPU.ActiveCfg = Release|Any CPU
		{7A7C676A-4EA0-4994-9C37-2784B83F2163}.Release|Any CPU.Build.0 = Release|Any CPU
		{A92C7A5E-7CB8-4266-8551-22433CE86D67}.Debug|Any CPU.ActiveCfg = Debug|Any CPU
		{A92C7A5E-7CB8-4266-8551-22433CE86D67}.Debug|Any CPU.Build.0 = Debug|Any CPU
		{A92C7A5E-7CB8-4266-8551-22433CE86D67}.Release|Any CPU.ActiveCfg = Release|Any CPU
		{A92C7A5E-7CB8-4266-8551-22433CE86D67}.Release|Any CPU.Build.0 = Release|Any CPU
		{834DB3BF-8DA4-4C59-BC13-B6FD2F43992E}.Debug|Any CPU.ActiveCfg = Debug|Any CPU
		{834DB3BF-8DA4-4C59-BC13-B6FD2F43992E}.Debug|Any CPU.Build.0 = Debug|Any CPU
		{834DB3BF-8DA4-4C59-BC13-B6FD2F43992E}.Release|Any CPU.ActiveCfg = Release|Any CPU
		{834DB3BF-8DA4-4C59-BC13-B6FD2F43992E}.Release|Any CPU.Build.0 = Release|Any CPU
		{712766BC-C8DA-42BF-9F55-D063C09E1700}.Debug|Any CPU.ActiveCfg = Debug|Any CPU
		{712766BC-C8DA-42BF-9F55-D063C09E1700}.Debug|Any CPU.Build.0 = Debug|Any CPU
		{712766BC-C8DA-42BF-9F55-D063C09E1700}.Release|Any CPU.ActiveCfg = Release|Any CPU
		{712766BC-C8DA-42BF-9F55-D063C09E1700}.Release|Any CPU.Build.0 = Release|Any CPU
	EndGlobalSection
	GlobalSection(SolutionProperties) = preSolution
		HideSolutionNode = FALSE
	EndGlobalSection
	GlobalSection(ExtensibilityGlobals) = postSolution
		SolutionGuid = {A77FCDC4-083B-459A-BEDB-F808799B2127}
	EndGlobalSection
EndGlobal
